<?xml version="1.0" encoding="utf-8"?>
<Project ToolsVersion="4.0" xmlns="http://schemas.microsoft.com/developer/msbuild/2003">
  <ItemGroup>
    <Filter Include="Source Files">
      <UniqueIdentifier>{4FC737F1-C7A5-4376-A066-2A32D752A2FF}</UniqueIdentifier>
      <Extensions>cpp;c;cc;cxx;def;odl;idl;hpj;bat;asm;asmx</Extensions>
    </Filter>
    <Filter Include="Header Files">
      <UniqueIdentifier>{93995380-89BD-4b04-88EB-625FBE52EBFB}</UniqueIdentifier>
      <Extensions>h;hh;hpp;hxx;hm;inl;inc;xsd</Extensions>
    </Filter>
    <Filter Include="Resource Files">
      <UniqueIdentifier>{67DA6AB6-F800-4c08-8B7A-83BB121AAD01}</UniqueIdentifier>
      <Extensions>rc;ico;cur;bmp;dlg;rc2;rct;bin;rgs;gif;jpg;jpeg;jpe;resx;tiff;tif;png;wav;mfcribbon-ms</Extensions>
    </Filter>
    <Filter Include="Source Files\Network">
      <UniqueIdentifier>{854627f1-fed8-49b3-b756-f20374ef00b3}</UniqueIdentifier>
    </Filter>
    <Filter Include="Header Files\Network">
      <UniqueIdentifier>{06baab74-5843-4792-bb6b-c52d3d56c76d}</UniqueIdentifier>
    </Filter>
    <Filter Include="Header Files\Database">
      <UniqueIdentifier>{92a5b4f7-39a3-4f81-b4ad-f5e1a5aa9bb9}</UniqueIdentifier>
    </Filter>
    <Filter Include="Source Files\Database">
      <UniqueIdentifier>{88472345-a0d1-4462-8154-bb68ea04aa79}</UniqueIdentifier>
    </Filter>
    <Filter Include="Header Files\Config">
      <UniqueIdentifier>{661f1d24-5db1-452a-b054-665fae0e0751}</UniqueIdentifier>
    </Filter>
    <Filter Include="Source Files\Config">
      <UniqueIdentifier>{e867cb52-6f5b-444b-b03b-d52a7b820fcc}</UniqueIdentifier>
    </Filter>
    <Filter Include="Source Files\Table">
      <UniqueIdentifier>{471f2889-8ffe-40ed-9c17-ef2b09124b4a}</UniqueIdentifier>
    </Filter>
    <Filter Include="Header Files\Table">
      <UniqueIdentifier>{48abbf43-ddd8-4852-9c6c-dfa4467174c2}</UniqueIdentifier>
    </Filter>
    <Filter Include="Source Files\Thread">
      <UniqueIdentifier>{b09d9ca1-6719-411e-b84d-0f8bfdc55654}</UniqueIdentifier>
    </Filter>
    <Filter Include="Header Files\Thread">
      <UniqueIdentifier>{2c21533b-760b-4cd9-adc8-efdb9aae4577}</UniqueIdentifier>
    </Filter>
    <Filter Include="Header Files\System">
      <UniqueIdentifier>{e7c7d193-4d41-4a19-9cf0-188b23eaf380}</UniqueIdentifier>
    </Filter>
    <Filter Include="Source Files\System">
      <UniqueIdentifier>{09caee29-04f0-45f6-85fe-9eb63f2cef83}</UniqueIdentifier>
    </Filter>
    <Filter Include="Header Files\Network\Session">
      <UniqueIdentifier>{0d533c2f-9eef-4c93-b8cf-87d06e84d463}</UniqueIdentifier>
    </Filter>
    <Filter Include="Source Files\Network\Session">
      <UniqueIdentifier>{c318a3a8-4335-4de2-bc4d-08d0b041484f}</UniqueIdentifier>
    </Filter>
    <Filter Include="Header Files\GameLib">
      <UniqueIdentifier>{d963345b-3104-4d3c-9152-caaace5ad88d}</UniqueIdentifier>
    </Filter>
    <Filter Include="Source Files\GameLib">
      <UniqueIdentifier>{c287d87b-da3b-4984-af15-4ee66b91edcf}</UniqueIdentifier>
    </Filter>
  </ItemGroup>
  <ItemGroup>
    <ClCompile Include="Packet.cpp">
      <Filter>Source Files\Network</Filter>
    </ClCompile>
    <ClCompile Include="Config.cpp">
      <Filter>Source Files\Config</Filter>
    </ClCompile>
    <ClCompile Include="Database.cpp">
      <Filter>Source Files\Database</Filter>
    </ClCompile>
    <ClCompile Include="NewbieTable.cpp">
      <Filter>Source Files\Table</Filter>
    </ClCompile>
    <ClCompile Include="Table.cpp">
      <Filter>Source Files\Table</Filter>
    </ClCompile>
    <ClCompile Include="PCTable.cpp">
      <Filter>Source Files\Table</Filter>
    </ClCompile>
    <ClCompile Include="Socket.cpp">
      <Filter>Source Files\Network</Filter>
    </ClCompile>
    <ClCompile Include="GameString.cpp">
      <Filter>Source Files\System</Filter>
    </ClCompile>
    <ClCompile Include="Event.cpp">
      <Filter>Source Files\Thread</Filter>
    </ClCompile>
    <ClCompile Include="Logger.cpp">
      <Filter>Source Files\System</Filter>
    </ClCompile>
    <ClCompile Include="Thread.cpp">
      <Filter>Source Files\Thread</Filter>
    </ClCompile>
    <ClCompile Include="Iocp.cpp">
      <Filter>Source Files\Network</Filter>
    </ClCompile>
    <ClCompile Include="Encoder.cpp">
      <Filter>Source Files\Network</Filter>
    </ClCompile>
    <ClCompile Include="Connections.cpp">
      <Filter>Source Files\Network</Filter>
    </ClCompile>
    <ClCompile Include="Acceptor.cpp">
      <Filter>Source Files\Network</Filter>
    </ClCompile>
    <ClCompile Include="Session.cpp">
      <Filter>Source Files\Network\Session</Filter>
    </ClCompile>
    <ClCompile Include="SessionList.cpp">
      <Filter>Source Files\Network\Session</Filter>
    </ClCompile>
    <ClCompile Include="NetworkProcessor.cpp">
      <Filter>Source Files\Network</Filter>
    </ClCompile>
    <ClCompile Include="Network.cpp">
      <Filter>Source Files\Network</Filter>
    </ClCompile>
    <ClCompile Include="Connector.cpp">
      <Filter>Source Files\Network</Filter>
    </ClCompile>
    <ClCompile Include="ServerApp.cpp">
      <Filter>Source Files\System</Filter>
    </ClCompile>
    <ClCompile Include="stdafx.cpp">
      <Filter>Source Files</Filter>
    </ClCompile>
    <ClCompile Include="GameLib\NtlWorld.cpp">
      <Filter>Source Files\GameLib</Filter>
    </ClCompile>
    <ClCompile Include="GameLib\NtlVector.cpp">
      <Filter>Source Files\GameLib</Filter>
    </ClCompile>
    <ClCompile Include="GameLib\NtlSvrMath.cpp">
      <Filter>Source Files\GameLib</Filter>
    </ClCompile>
    <ClCompile Include="GameLib\NtlSphere.cpp">
      <Filter>Source Files\GameLib</Filter>
    </ClCompile>
    <ClCompile Include="GameLib\NtlSkill.cpp">
      <Filter>Source Files\GameLib</Filter>
    </ClCompile>
    <ClCompile Include="GameLib\NtlService.cpp">
      <Filter>Source Files\GameLib</Filter>
    </ClCompile>
    <ClCompile Include="GameLib\NtlReport.cpp">
      <Filter>Source Files\GameLib</Filter>
    </ClCompile>
    <ClCompile Include="GameLib\NtlRandom.cpp">
      <Filter>Source Files\GameLib</Filter>
    </ClCompile>
    <ClCompile Include="GameLib\NtlPetition.cpp">
      <Filter>Source Files\GameLib</Filter>
    </ClCompile>
    <ClCompile Include="GameLib\NtlPacketUT.cpp">
      <Filter>Source Files\GameLib</Filter>
    </ClCompile>
    <ClCompile Include="GameLib\NtlPacketUG.cpp">
      <Filter>Source Files\GameLib</Filter>
    </ClCompile>
    <ClCompile Include="GameLib\NtlPacketUC.cpp">
      <Filter>Source Files\GameLib</Filter>
    </ClCompile>
    <ClCompile Include="GameLib\NtlPacketUA.cpp">
      <Filter>Source Files\GameLib</Filter>
    </ClCompile>
    <ClCompile Include="GameLib\NtlPacketTU.cpp">
      <Filter>Source Files\GameLib</Filter>
    </ClCompile>
    <ClCompile Include="GameLib\NtlPacketGU.cpp">
      <Filter>Source Files\GameLib</Filter>
    </ClCompile>
    <ClCompile Include="GameLib\NtlPacketCU.cpp">
      <Filter>Source Files\GameLib</Filter>
    </ClCompile>
    <ClCompile Include="GameLib\NtlPacketAU.cpp">
      <Filter>Source Files\GameLib</Filter>
    </ClCompile>
    <ClCompile Include="GameLib\NtlObject.cpp">
      <Filter>Source Files\GameLib</Filter>
    </ClCompile>
    <ClCompile Include="GameLib\NtlNetP.cpp">
      <Filter>Source Files\GameLib</Filter>
    </ClCompile>
    <ClCompile Include="GameLib\NtlMovement.cpp">
      <Filter>Source Files\GameLib</Filter>
    </ClCompile>
    <ClCompile Include="GameLib\NtlLine.cpp">
      <Filter>Source Files\GameLib</Filter>
    </ClCompile>
    <ClCompile Include="GameLib\NtlItem.cpp">
      <Filter>Source Files\GameLib</Filter>
    </ClCompile>
    <ClCompile Include="GameLib\NtlGuild.cpp">
      <Filter>Source Files\GameLib</Filter>
    </ClCompile>
    <ClCompile Include="GameLib\NtlCharacterState.cpp">
      <Filter>Source Files\GameLib</Filter>
    </ClCompile>
    <ClCompile Include="GameLib\NtlCharacter.cpp">
      <Filter>Source Files\GameLib</Filter>
    </ClCompile>
    <ClCompile Include="GameLib\NtlBudokai.cpp">
      <Filter>Source Files\GameLib</Filter>
    </ClCompile>
    <ClCompile Include="GameLib\NtlBBox.cpp">
      <Filter>Source Files\GameLib</Filter>
    </ClCompile>
    <ClCompile Include="GameLib\NtlBattle.cpp">
      <Filter>Source Files\GameLib</Filter>
    </ClCompile>
  </ItemGroup>
  <ItemGroup>
    <ClInclude Include="Network.h">
      <Filter>Header Files\Network</Filter>
    </ClInclude>
    <ClInclude Include="Packet.h">
      <Filter>Header Files\Network</Filter>
    </ClInclude>
    <ClInclude Include="Config.h">
      <Filter>Header Files\Config</Filter>
    </ClInclude>
    <ClInclude Include="Database.h">
      <Filter>Header Files\Database</Filter>
    </ClInclude>
    <ClInclude Include="NewbieTable.h">
      <Filter>Header Files\Table</Filter>
    </ClInclude>
    <ClInclude Include="Table.h">
      <Filter>Header Files\Table</Filter>
    </ClInclude>
    <ClInclude Include="PCTable.h">
      <Filter>Header Files\Table</Filter>
    </ClInclude>
    <ClInclude Include="Socket.h">
      <Filter>Header Files\Network</Filter>
    </ClInclude>
    <ClInclude Include="SocketAddr.h">
      <Filter>Header Files\Network</Filter>
    </ClInclude>
    <ClInclude Include="GameString.h">
      <Filter>Header Files\System</Filter>
    </ClInclude>
    <ClInclude Include="Thread.h">
      <Filter>Header Files\Thread</Filter>
    </ClInclude>
    <ClInclude Include="Event.h">
      <Filter>Header Files\Thread</Filter>
    </ClInclude>
    <ClInclude Include="Logger.h">
      <Filter>Header Files\System</Filter>
    </ClInclude>
    <ClInclude Include="Vector.h">
      <Filter>Header Files\System</Filter>
    </ClInclude>
    <ClInclude Include="Exception.h">
      <Filter>Header Files\System</Filter>
    </ClInclude>
    <ClInclude Include="ThreadException.h">
      <Filter>Header Files\Thread</Filter>
    </ClInclude>
    <ClInclude Include="Mutex.h">
      <Filter>Header Files\System</Filter>
    </ClInclude>
    <ClInclude Include="LinkList.h">
      <Filter>Header Files\System</Filter>
    </ClInclude>
    <ClInclude Include="Iocp.h">
      <Filter>Header Files\Network</Filter>
    </ClInclude>
    <ClInclude Include="Encoder.h">
      <Filter>Header Files\Network</Filter>
    </ClInclude>
    <ClInclude Include="CircularQueue.h">
      <Filter>Header Files\System</Filter>
    </ClInclude>
    <ClInclude Include="NetBuffer.h">
      <Filter>Header Files\Network</Filter>
    </ClInclude>
    <ClInclude Include="Queue.h">
      <Filter>Header Files\System</Filter>
    </ClInclude>
    <ClInclude Include="Connections.h">
      <Filter>Header Files\Network</Filter>
    </ClInclude>
    <ClInclude Include="Acceptor.h">
      <Filter>Header Files\Network</Filter>
    </ClInclude>
    <ClInclude Include="Session.h">
      <Filter>Header Files\Network\Session</Filter>
    </ClInclude>
    <ClInclude Include="SessionFactory.h">
      <Filter>Header Files\Network\Session</Filter>
    </ClInclude>
    <ClInclude Include="SessionMap.h">
      <Filter>Header Files\Network\Session</Filter>
    </ClInclude>
    <ClInclude Include="SessionList.h">
      <Filter>Header Files\Network\Session</Filter>
    </ClInclude>
    <ClInclude Include="LinkArray.h">
      <Filter>Header Files\System</Filter>
    </ClInclude>
    <ClInclude Include="NetworkProcessor.h">
      <Filter>Header Files\Network</Filter>
    </ClInclude>
    <ClInclude Include="Connector.h">
      <Filter>Header Files\Network</Filter>
    </ClInclude>
    <ClInclude Include="Singleton.h">
      <Filter>Header Files\System</Filter>
    </ClInclude>
    <ClInclude Include="ServerApp.h">
      <Filter>Header Files\System</Filter>
    </ClInclude>
    <ClInclude Include="stdafx.h">
      <Filter>Header Files</Filter>
    </ClInclude>
    <ClInclude Include="Base.h">
      <Filter>Header Files</Filter>
    </ClInclude>
    <ClInclude Include="GameLib\NtlWorld.h">
      <Filter>Header Files\GameLib</Filter>
    </ClInclude>
    <ClInclude Include="GameLib\NtlVector.h">
      <Filter>Header Files\GameLib</Filter>
    </ClInclude>
    <ClInclude Include="GameLib\NtlTLQ.h">
      <Filter>Header Files\GameLib</Filter>
    </ClInclude>
    <ClInclude Include="GameLib\NtlTimeQuest.h">
      <Filter>Header Files\GameLib</Filter>
    </ClInclude>
    <ClInclude Include="GameLib\NtlTeleport.h">
      <Filter>Header Files\GameLib</Filter>
    </ClInclude>
    <ClInclude Include="GameLib\NtlSvrMath.h">
      <Filter>Header Files\GameLib</Filter>
    </ClInclude>
    <ClInclude Include="GameLib\NtlSphere.h">
      <Filter>Header Files\GameLib</Filter>
    </ClInclude>
    <ClInclude Include="GameLib\NtlSkill.h">
      <Filter>Header Files\GameLib</Filter>
    </ClInclude>
    <ClInclude Include="GameLib\NtlService.h">
      <Filter>Header Files\GameLib</Filter>
    </ClInclude>
    <ClInclude Include="GameLib\NtlServer.h">
      <Filter>Header Files\GameLib</Filter>
    </ClInclude>
    <ClInclude Include="GameLib\NtlRide.h">
      <Filter>Header Files\GameLib</Filter>
    </ClInclude>
    <ClInclude Include="GameLib\NtlResultCode.h">
      <Filter>Header Files\GameLib</Filter>
    </ClInclude>
    <ClInclude Include="GameLib\NtlReport.h">
      <Filter>Header Files\GameLib</Filter>
    </ClInclude>
    <ClInclude Include="GameLib\NtlRankBattle.h">
      <Filter>Header Files\GameLib</Filter>
    </ClInclude>
    <ClInclude Include="GameLib\NtlRandom.h">
      <Filter>Header Files\GameLib</Filter>
    </ClInclude>
    <ClInclude Include="GameLib\NtlQuest.h">
      <Filter>Header Files\GameLib</Filter>
    </ClInclude>
    <ClInclude Include="GameLib\NtlPetition.h">
      <Filter>Header Files\GameLib</Filter>
    </ClInclude>
    <ClInclude Include="GameLib\NtlPet.h">
      <Filter>Header Files\GameLib</Filter>
    </ClInclude>
    <ClInclude Include="GameLib\NtlPartyDungeon.h">
      <Filter>Header Files\GameLib</Filter>
    </ClInclude>
    <ClInclude Include="GameLib\NtlParty.h">
      <Filter>Header Files\GameLib</Filter>
    </ClInclude>
    <ClInclude Include="GameLib\NtlPacketUtil.h">
      <Filter>Header Files\GameLib</Filter>
    </ClInclude>
    <ClInclude Include="GameLib\NtlPacketUT.h">
      <Filter>Header Files\GameLib</Filter>
    </ClInclude>
    <ClInclude Include="GameLib\NtlPacketUG.h">
      <Filter>Header Files\GameLib</Filter>
    </ClInclude>
    <ClInclude Include="GameLib\NtlPacketUC.h">
      <Filter>Header Files\GameLib</Filter>
    </ClInclude>
    <ClInclude Include="GameLib\NtlPacketUA.h">
      <Filter>Header Files\GameLib</Filter>
    </ClInclude>
    <ClInclude Include="GameLib\NtlPacketTU.h">
      <Filter>Header Files\GameLib</Filter>
    </ClInclude>
    <ClInclude Include="GameLib\NtlPacketGU.h">
      <Filter>Header Files\GameLib</Filter>
    </ClInclude>
    <ClInclude Include="GameLib\NtlPacketCU.h">
      <Filter>Header Files\GameLib</Filter>
    </ClInclude>
    <ClInclude Include="GameLib\NtlPacketCommon.h">
      <Filter>Header Files\GameLib</Filter>
    </ClInclude>
    <ClInclude Include="GameLib\NtlPacketAU.h">
      <Filter>Header Files\GameLib</Filter>
    </ClInclude>
    <ClInclude Include="GameLib\NtlPacketAll.h">
      <Filter>Header Files\GameLib</Filter>
    </ClInclude>
    <ClInclude Include="GameLib\NtlObject.h">
      <Filter>Header Files\GameLib</Filter>
    </ClInclude>
    <ClInclude Include="GameLib\NtlNetP.h">
      <Filter>Header Files\GameLib</Filter>
    </ClInclude>
    <ClInclude Include="GameLib\NtlMovement.h">
      <Filter>Header Files\GameLib</Filter>
    </ClInclude>
    <ClInclude Include="GameLib\NtlMatch.h">
      <Filter>Header Files\GameLib</Filter>
    </ClInclude>
    <ClInclude Include="GameLib\NtlMail.h">
      <Filter>Header Files\GameLib</Filter>
    </ClInclude>
    <ClInclude Include="GameLib\NtlLine.h">
      <Filter>Header Files\GameLib</Filter>
    </ClInclude>
    <ClInclude Include="GameLib\NtlItem.h">
      <Filter>Header Files\GameLib</Filter>
    </ClInclude>
    <ClInclude Include="GameLib\NtlHlsItem.h">
      <Filter>Header Files\GameLib</Filter>
    </ClInclude>
    <ClInclude Include="GameLib\NtlGuild.h">
      <Filter>Header Files\GameLib</Filter>
    </ClInclude>
    <ClInclude Include="GameLib\NtlFriend.h">
      <Filter>Header Files\GameLib</Filter>
    </ClInclude>
    <ClInclude Include="GameLib\NtlDragonBall.h">
      <Filter>Header Files\GameLib</Filter>
    </ClInclude>
    <ClInclude Include="GameLib\NtlDojo.h">
      <Filter>Header Files\GameLib</Filter>
    </ClInclude>
    <ClInclude Include="GameLib\NtlDirection.h">
      <Filter>Header Files\GameLib</Filter>
    </ClInclude>
    <ClInclude Include="GameLib\NtlCSArchitecture.h">
      <Filter>Header Files\GameLib</Filter>
    </ClInclude>
    <ClInclude Include="GameLib\NtlChat.h">
      <Filter>Header Files\GameLib</Filter>
    </ClInclude>
    <ClInclude Include="GameLib\NtlCharacterState.h">
      <Filter>Header Files\GameLib</Filter>
    </ClInclude>
    <ClInclude Include="GameLib\NtlCharacter.h">
      <Filter>Header Files\GameLib</Filter>
    </ClInclude>
    <ClInclude Include="GameLib\NtlBudokai.h">
      <Filter>Header Files\GameLib</Filter>
    </ClInclude>
    <ClInclude Include="GameLib\NtlBBox.h">
      <Filter>Header Files\GameLib</Filter>
    </ClInclude>
    <ClInclude Include="GameLib\NtlBattle.h">
      <Filter>Header Files\GameLib</Filter>
    </ClInclude>
    <ClInclude Include="GameLib\NtlAvatar.h">
      <Filter>Header Files\GameLib</Filter>
    </ClInclude>
    <ClInclude Include="GameLib\NtlAdmin.h">
      <Filter>Header Files\GameLib</Filter>
    </ClInclude>
    <ClInclude Include="GameLib\NtlActionPattern.h">
      <Filter>Header Files\GameLib</Filter>
    </ClInclude>
    <ClInclude Include="GameLib\NtlSharedBotSystemDef.h">
      <Filter>Header Files\GameLib</Filter>
    </ClInclude>
    <ClInclude Include="GameLib\NtlSharedDef.h">
      <Filter>Header Files\GameLib</Filter>
    </ClInclude>
    <ClInclude Include="GameLib\NtlSharedType.h">
      <Filter>Header Files\GameLib</Filter>
    </ClInclude>
    <ClInclude Include="Def.h">
      <Filter>Header Files</Filter>
    </ClInclude>
    <ClInclude Include="GameLib\NtlSystemEffect.h">
      <Filter>Header Files\GameLib</Filter>
    </ClInclude>
  </ItemGroup>
</Project>